// !$*UTF8*$!
{
	archiveVersion = 1;
	classes = {
	};
	objectVersion = 52;
	objects = {

/* Begin PBXBuildFile section */
		2B5A92C125331EBE0011F786 /* AppDelegate.swift in Sources */ = {isa = PBXBuildFile; fileRef = 2B5A92C025331EBE0011F786 /* AppDelegate.swift */; };
		2B5A92C325331EBE0011F786 /* ContentView.swift in Sources */ = {isa = PBXBuildFile; fileRef = 2B5A92C225331EBE0011F786 /* ContentView.swift */; };
		2B5A92C525331EBE0011F786 /* Assets.xcassets in Resources */ = {isa = PBXBuildFile; fileRef = 2B5A92C425331EBE0011F786 /* Assets.xcassets */; };
		2B5A92C825331EBE0011F786 /* Preview Assets.xcassets in Resources */ = {isa = PBXBuildFile; fileRef = 2B5A92C725331EBE0011F786 /* Preview Assets.xcassets */; };
		2B5A92CB25331EBE0011F786 /* Main.storyboard in Resources */ = {isa = PBXBuildFile; fileRef = 2B5A92C925331EBE0011F786 /* Main.storyboard */; };
		2B5A92DD253348B80011F786 /* Introspect in Frameworks */ = {isa = PBXBuildFile; productRef = 2B5A92DC253348B80011F786 /* Introspect */; };
		2B5A92E025334D320011F786 /* LogCell.swift in Sources */ = {isa = PBXBuildFile; fileRef = 2B5A92DF25334D320011F786 /* LogCell.swift */; };
		2B5FD11B2533846B0092D71E /* ServerData.swift in Sources */ = {isa = PBXBuildFile; fileRef = 2B5FD11A2533846B0092D71E /* ServerData.swift */; };
		2BED6A9A253AE42B004AA8D8 /* SwiftLoggerRouter in Frameworks */ = {isa = PBXBuildFile; productRef = 2BED6A99253AE42B004AA8D8 /* SwiftLoggerRouter */; };
		2BED6A9C253AE42B004AA8D8 /* SwiftLoggerCommon in Frameworks */ = {isa = PBXBuildFile; productRef = 2BED6A9B253AE42B004AA8D8 /* SwiftLoggerCommon */; };
/* End PBXBuildFile section */

/* Begin PBXFileReference section */
		2B5A92BD25331EBE0011F786 /* SwiftLoggerUI.app */ = {isa = PBXFileReference; explicitFileType = wrapper.application; includeInIndex = 0; path = SwiftLoggerUI.app; sourceTree = BUILT_PRODUCTS_DIR; };
		2B5A92C025331EBE0011F786 /* AppDelegate.swift */ = {isa = PBXFileReference; lastKnownFileType = sourcecode.swift; path = AppDelegate.swift; sourceTree = "<group>"; };
		2B5A92C225331EBE0011F786 /* ContentView.swift */ = {isa = PBXFileReference; lastKnownFileType = sourcecode.swift; path = ContentView.swift; sourceTree = "<group>"; };
		2B5A92C425331EBE0011F786 /* Assets.xcassets */ = {isa = PBXFileReference; lastKnownFileType = folder.assetcatalog; path = Assets.xcassets; sourceTree = "<group>"; };
		2B5A92C725331EBE0011F786 /* Preview Assets.xcassets */ = {isa = PBXFileReference; lastKnownFileType = folder.assetcatalog; path = "Preview Assets.xcassets"; sourceTree = "<group>"; };
		2B5A92CA25331EBE0011F786 /* Base */ = {isa = PBXFileReference; lastKnownFileType = file.storyboard; name = Base; path = Base.lproj/Main.storyboard; sourceTree = "<group>"; };
		2B5A92CC25331EBE0011F786 /* Info.plist */ = {isa = PBXFileReference; lastKnownFileType = text.plist.xml; path = Info.plist; sourceTree = "<group>"; };
		2B5A92CD25331EBE0011F786 /* SwiftLoggerUI.entitlements */ = {isa = PBXFileReference; lastKnownFileType = text.plist.entitlements; path = SwiftLoggerUI.entitlements; sourceTree = "<group>"; };
		2B5A92DF25334D320011F786 /* LogCell.swift */ = {isa = PBXFileReference; lastKnownFileType = sourcecode.swift; path = LogCell.swift; sourceTree = "<group>"; };
		2B5FD11A2533846B0092D71E /* ServerData.swift */ = {isa = PBXFileReference; lastKnownFileType = sourcecode.swift; path = ServerData.swift; sourceTree = "<group>"; };
/* End PBXFileReference section */

/* Begin PBXFrameworksBuildPhase section */
		2B5A92BA25331EBE0011F786 /* Frameworks */ = {
			isa = PBXFrameworksBuildPhase;
			buildActionMask = 2147483647;
			files = (
				2B5A92DD253348B80011F786 /* Introspect in Frameworks */,
				2BED6A9A253AE42B004AA8D8 /* SwiftLoggerRouter in Frameworks */,
				2BED6A9C253AE42B004AA8D8 /* SwiftLoggerCommon in Frameworks */,
			);
			runOnlyForDeploymentPostprocessing = 0;
		};
/* End PBXFrameworksBuildPhase section */

/* Begin PBXGroup section */
		2B5A92B425331EBE0011F786 = {
			isa = PBXGroup;
			children = (
				2B5A92BF25331EBE0011F786 /* SwiftLoggerUI */,
				2B5A92BE25331EBE0011F786 /* Products */,
				2B5DCD0D2539FD48001B3566 /* Frameworks */,
			);
			sourceTree = "<group>";
		};
		2B5A92BE25331EBE0011F786 /* Products */ = {
			isa = PBXGroup;
			children = (
				2B5A92BD25331EBE0011F786 /* SwiftLoggerUI.app */,
			);
			name = Products;
			sourceTree = "<group>";
		};
		2B5A92BF25331EBE0011F786 /* SwiftLoggerUI */ = {
			isa = PBXGroup;
			children = (
				2B5A92C025331EBE0011F786 /* AppDelegate.swift */,
				2B5A92C225331EBE0011F786 /* ContentView.swift */,
				2B5A92DF25334D320011F786 /* LogCell.swift */,
				2B5FD11A2533846B0092D71E /* ServerData.swift */,
				2B5A92C425331EBE0011F786 /* Assets.xcassets */,
				2B5A92C925331EBE0011F786 /* Main.storyboard */,
				2B5A92CC25331EBE0011F786 /* Info.plist */,
				2B5A92CD25331EBE0011F786 /* SwiftLoggerUI.entitlements */,
				2B5A92C625331EBE0011F786 /* Preview Content */,
			);
			path = SwiftLoggerUI;
			sourceTree = "<group>";
		};
		2B5A92C625331EBE0011F786 /* Preview Content */ = {
			isa = PBXGroup;
			children = (
				2B5A92C725331EBE0011F786 /* Preview Assets.xcassets */,
			);
			path = "Preview Content";
			sourceTree = "<group>";
		};
		2B5DCD0D2539FD48001B3566 /* Frameworks */ = {
			isa = PBXGroup;
			children = (
			);
			name = Frameworks;
			sourceTree = "<group>";
		};
/* End PBXGroup section */

/* Begin PBXNativeTarget section */
		2B5A92BC25331EBE0011F786 /* SwiftLoggerUI */ = {
			isa = PBXNativeTarget;
			buildConfigurationList = 2B5A92D025331EBE0011F786 /* Build configuration list for PBXNativeTarget "SwiftLoggerUI" */;
			buildPhases = (
				2B5A92B925331EBE0011F786 /* Sources */,
				2B5A92BA25331EBE0011F786 /* Frameworks */,
				2B5A92BB25331EBE0011F786 /* Resources */,
			);
			buildRules = (
			);
			dependencies = (
				2B5DCD142539FD66001B3566 /* PBXTargetDependency */,
				2B5DCD0C2539FD41001B3566 /* PBXTargetDependency */,
			);
			name = SwiftLoggerUI;
			packageProductDependencies = (
				2B5A92DC253348B80011F786 /* Introspect */,
				2BED6A99253AE42B004AA8D8 /* SwiftLoggerRouter */,
				2BED6A9B253AE42B004AA8D8 /* SwiftLoggerCommon */,
			);
			productName = SwiftLoggerUI;
			productReference = 2B5A92BD25331EBE0011F786 /* SwiftLoggerUI.app */;
			productType = "com.apple.product-type.application";
		};
/* End PBXNativeTarget section */

/* Begin PBXProject section */
		2B5A92B525331EBE0011F786 /* Project object */ = {
			isa = PBXProject;
			attributes = {
				LastSwiftUpdateCheck = 1200;
				LastUpgradeCheck = 1200;
				TargetAttributes = {
					2B5A92BC25331EBE0011F786 = {
						CreatedOnToolsVersion = 12.0.1;
					};
				};
			};
			buildConfigurationList = 2B5A92B825331EBE0011F786 /* Build configuration list for PBXProject "SwiftLoggerUI" */;
			compatibilityVersion = "Xcode 9.3";
			developmentRegion = en;
			hasScannedForEncodings = 0;
			knownRegions = (
				en,
				Base,
			);
			mainGroup = 2B5A92B425331EBE0011F786;
			packageReferences = (
				2B5A92DB253348B80011F786 /* XCRemoteSwiftPackageReference "SwiftUI-Introspect" */,
				2BED6A98253AE42B004AA8D8 /* XCRemoteSwiftPackageReference "swiftloggerserver" */,
			);
			productRefGroup = 2B5A92BE25331EBE0011F786 /* Products */;
			projectDirPath = "";
			projectRoot = "";
			targets = (
				2B5A92BC25331EBE0011F786 /* SwiftLoggerUI */,
			);
		};
/* End PBXProject section */

/* Begin PBXResourcesBuildPhase section */
		2B5A92BB25331EBE0011F786 /* Resources */ = {
			isa = PBXResourcesBuildPhase;
			buildActionMask = 2147483647;
			files = (
				2B5A92CB25331EBE0011F786 /* Main.storyboard in Resources */,
				2B5A92C825331EBE0011F786 /* Preview Assets.xcassets in Resources */,
				2B5A92C525331EBE0011F786 /* Assets.xcassets in Resources */,
			);
			runOnlyForDeploymentPostprocessing = 0;
		};
/* End PBXResourcesBuildPhase section */

/* Begin PBXSourcesBuildPhase section */
		2B5A92B925331EBE0011F786 /* Sources */ = {
			isa = PBXSourcesBuildPhase;
			buildActionMask = 2147483647;
			files = (
				2B5FD11B2533846B0092D71E /* ServerData.swift in Sources */,
				2B5A92C325331EBE0011F786 /* ContentView.swift in Sources */,
				2B5A92C125331EBE0011F786 /* AppDelegate.swift in Sources */,
				2B5A92E025334D320011F786 /* LogCell.swift in Sources */,
			);
			runOnlyForDeploymentPostprocessing = 0;
		};
/* End PBXSourcesBuildPhase section */

/* Begin PBXTargetDependency section */
		2B5DCD0C2539FD41001B3566 /* PBXTargetDependency */ = {
			isa = PBXTargetDependency;
			productRef = 2B5DCD0B2539FD41001B3566 /* SwiftLoggerRouter */;
		};
		2B5DCD142539FD66001B3566 /* PBXTargetDependency */ = {
			isa = PBXTargetDependency;
			productRef = 2B5DCD132539FD66001B3566 /* SwiftLoggerCommon */;
		};
/* End PBXTargetDependency section */

/* Begin PBXVariantGroup section */
		2B5A92C925331EBE0011F786 /* Main.storyboard */ = {
			isa = PBXVariantGroup;
			children = (
				2B5A92CA25331EBE0011F786 /* Base */,
			);
			name = Main.storyboard;
			sourceTree = "<group>";
		};
/* End PBXVariantGroup section */

/* Begin XCBuildConfiguration section */
		2B5A92CE25331EBE0011F786 /* Debug */ = {
			isa = XCBuildConfiguration;
			buildSettings = {
				ALWAYS_SEARCH_USER_PATHS = NO;
				CLANG_ANALYZER_NONNULL = YES;
				CLANG_ANALYZER_NUMBER_OBJECT_CONVERSION = YES_AGGRESSIVE;
				CLANG_CXX_LANGUAGE_STANDARD = "gnu++14";
				CLANG_CXX_LIBRARY = "libc++";
				CLANG_ENABLE_MODULES = YES;
				CLANG_ENABLE_OBJC_ARC = YES;
				CLANG_ENABLE_OBJC_WEAK = YES;
				CLANG_WARN_BLOCK_CAPTURE_AUTORELEASING = YES;
				CLANG_WARN_BOOL_CONVERSION = YES;
				CLANG_WARN_COMMA = YES;
				CLANG_WARN_CONSTANT_CONVERSION = YES;
				CLANG_WARN_DEPRECATED_OBJC_IMPLEMENTATIONS = YES;
				CLANG_WARN_DIRECT_OBJC_ISA_USAGE = YES_ERROR;
				CLANG_WARN_DOCUMENTATION_COMMENTS = YES;
				CLANG_WARN_EMPTY_BODY = YES;
				CLANG_WARN_ENUM_CONVERSION = YES;
				CLANG_WARN_INFINITE_RECURSION = YES;
				CLANG_WARN_INT_CONVERSION = YES;
				CLANG_WARN_NON_LITERAL_NULL_CONVERSION = YES;
				CLANG_WARN_OBJC_IMPLICIT_RETAIN_SELF = YES;
				CLANG_WARN_OBJC_LITERAL_CONVERSION = YES;
				CLANG_WARN_OBJC_ROOT_CLASS = YES_ERROR;
				CLANG_WARN_QUOTED_INCLUDE_IN_FRAMEWORK_HEADER = YES;
				CLANG_WARN_RANGE_LOOP_ANALYSIS = YES;
				CLANG_WARN_STRICT_PROTOTYPES = YES;
				CLANG_WARN_SUSPICIOUS_MOVE = YES;
				CLANG_WARN_UNGUARDED_AVAILABILITY = YES_AGGRESSIVE;
				CLANG_WARN_UNREACHABLE_CODE = YES;
				CLANG_WARN__DUPLICATE_METHOD_MATCH = YES;
				COPY_PHASE_STRIP = NO;
				DEBUG_INFORMATION_FORMAT = dwarf;
				ENABLE_STRICT_OBJC_MSGSEND = YES;
				ENABLE_TESTABILITY = YES;
				GCC_C_LANGUAGE_STANDARD = gnu11;
				GCC_DYNAMIC_NO_PIC = NO;
				GCC_NO_COMMON_BLOCKS = YES;
				GCC_OPTIMIZATION_LEVEL = 0;
				GCC_PREPROCESSOR_DEFINITIONS = (
					"DEBUG=1",
					"$(inherited)",
				);
				GCC_WARN_64_TO_32_BIT_CONVERSION = YES;
				GCC_WARN_ABOUT_RETURN_TYPE = YES_ERROR;
				GCC_WARN_UNDECLARED_SELECTOR = YES;
				GCC_WARN_UNINITIALIZED_AUTOS = YES_AGGRESSIVE;
				GCC_WARN_UNUSED_FUNCTION = YES;
				GCC_WARN_UNUSED_VARIABLE = YES;
				MACOSX_DEPLOYMENT_TARGET = 10.15;
				MTL_ENABLE_DEBUG_INFO = INCLUDE_SOURCE;
				MTL_FAST_MATH = YES;
				ONLY_ACTIVE_ARCH = YES;
				SDKROOT = macosx;
				SWIFT_ACTIVE_COMPILATION_CONDITIONS = DEBUG;
				SWIFT_OPTIMIZATION_LEVEL = "-Onone";
			};
			name = Debug;
		};
		2B5A92CF25331EBE0011F786 /* Release */ = {
			isa = XCBuildConfiguration;
			buildSettings = {
				ALWAYS_SEARCH_USER_PATHS = NO;
				CLANG_ANALYZER_NONNULL = YES;
				CLANG_ANALYZER_NUMBER_OBJECT_CONVERSION = YES_AGGRESSIVE;
				CLANG_CXX_LANGUAGE_STANDARD = "gnu++14";
				CLANG_CXX_LIBRARY = "libc++";
				CLANG_ENABLE_MODULES = YES;
				CLANG_ENABLE_OBJC_ARC = YES;
				CLANG_ENABLE_OBJC_WEAK = YES;
				CLANG_WARN_BLOCK_CAPTURE_AUTORELEASING = YES;
				CLANG_WARN_BOOL_CONVERSION = YES;
				CLANG_WARN_COMMA = YES;
				CLANG_WARN_CONSTANT_CONVERSION = YES;
				CLANG_WARN_DEPRECATED_OBJC_IMPLEMENTATIONS = YES;
				CLANG_WARN_DIRECT_OBJC_ISA_USAGE = YES_ERROR;
				CLANG_WARN_DOCUMENTATION_COMMENTS = YES;
				CLANG_WARN_EMPTY_BODY = YES;
				CLANG_WARN_ENUM_CONVERSION = YES;
				CLANG_WARN_INFINITE_RECURSION = YES;
				CLANG_WARN_INT_CONVERSION = YES;
				CLANG_WARN_NON_LITERAL_NULL_CONVERSION = YES;
				CLANG_WARN_OBJC_IMPLICIT_RETAIN_SELF = YES;
				CLANG_WARN_OBJC_LITERAL_CONVERSION = YES;
				CLANG_WARN_OBJC_ROOT_CLASS = YES_ERROR;
				CLANG_WARN_QUOTED_INCLUDE_IN_FRAMEWORK_HEADER = YES;
				CLANG_WARN_RANGE_LOOP_ANALYSIS = YES;
				CLANG_WARN_STRICT_PROTOTYPES = YES;
				CLANG_WARN_SUSPICIOUS_MOVE = YES;
				CLANG_WARN_UNGUARDED_AVAILABILITY = YES_AGGRESSIVE;
				CLANG_WARN_UNREACHABLE_CODE = YES;
				CLANG_WARN__DUPLICATE_METHOD_MATCH = YES;
				COPY_PHASE_STRIP = NO;
				DEBUG_INFORMATION_FORMAT = "dwarf-with-dsym";
				ENABLE_NS_ASSERTIONS = NO;
				ENABLE_STRICT_OBJC_MSGSEND = YES;
				GCC_C_LANGUAGE_STANDARD = gnu11;
				GCC_NO_COMMON_BLOCKS = YES;
				GCC_WARN_64_TO_32_BIT_CONVERSION = YES;
				GCC_WARN_ABOUT_RETURN_TYPE = YES_ERROR;
				GCC_WARN_UNDECLARED_SELECTOR = YES;
				GCC_WARN_UNINITIALIZED_AUTOS = YES_AGGRESSIVE;
				GCC_WARN_UNUSED_FUNCTION = YES;
				GCC_WARN_UNUSED_VARIABLE = YES;
				MACOSX_DEPLOYMENT_TARGET = 10.15;
				MTL_ENABLE_DEBUG_INFO = NO;
				MTL_FAST_MATH = YES;
				SDKROOT = macosx;
				SWIFT_COMPILATION_MODE = wholemodule;
				SWIFT_OPTIMIZATION_LEVEL = "-O";
			};
			name = Release;
		};
		2B5A92D125331EBE0011F786 /* Debug */ = {
			isa = XCBuildConfiguration;
			buildSettings = {
				ASSETCATALOG_COMPILER_APPICON_NAME = AppIcon;
				ASSETCATALOG_COMPILER_GLOBAL_ACCENT_COLOR_NAME = AccentColor;
				CODE_SIGN_ENTITLEMENTS = SwiftLoggerUI/SwiftLoggerUI.entitlements;
				CODE_SIGN_STYLE = Automatic;
				COMBINE_HIDPI_IMAGES = YES;
				DEVELOPMENT_ASSET_PATHS = "\"SwiftLoggerUI/Preview Content\"";
				DEVELOPMENT_TEAM = 934567UKNP;
				ENABLE_HARDENED_RUNTIME = YES;
				ENABLE_PREVIEWS = YES;
				INFOPLIST_FILE = SwiftLoggerUI/Info.plist;
				LD_RUNPATH_SEARCH_PATHS = (
					"$(inherited)",
					"@executable_path/../Frameworks",
				);
				MACOSX_DEPLOYMENT_TARGET = 10.15;
				PRODUCT_BUNDLE_IDENTIFIER = eu.krugazor.SwiftLoggerUI;
				PRODUCT_NAME = "$(TARGET_NAME)";
				SWIFT_VERSION = 5.0;
			};
			name = Debug;
		};
		2B5A92D225331EBE0011F786 /* Release */ = {
			isa = XCBuildConfiguration;
			buildSettings = {
				ASSETCATALOG_COMPILER_APPICON_NAME = AppIcon;
				ASSETCATALOG_COMPILER_GLOBAL_ACCENT_COLOR_NAME = AccentColor;
				CODE_SIGN_ENTITLEMENTS = SwiftLoggerUI/SwiftLoggerUI.entitlements;
				CODE_SIGN_STYLE = Automatic;
				COMBINE_HIDPI_IMAGES = YES;
				DEVELOPMENT_ASSET_PATHS = "\"SwiftLoggerUI/Preview Content\"";
				DEVELOPMENT_TEAM = 934567UKNP;
				ENABLE_HARDENED_RUNTIME = YES;
				ENABLE_PREVIEWS = YES;
				INFOPLIST_FILE = SwiftLoggerUI/Info.plist;
				LD_RUNPATH_SEARCH_PATHS = (
					"$(inherited)",
					"@executable_path/../Frameworks",
				);
				MACOSX_DEPLOYMENT_TARGET = 10.15;
				PRODUCT_BUNDLE_IDENTIFIER = eu.krugazor.SwiftLoggerUI;
				PRODUCT_NAME = "$(TARGET_NAME)";
				SWIFT_VERSION = 5.0;
			};
			name = Release;
		};
/* End XCBuildConfiguration section */

/* Begin XCConfigurationList section */
		2B5A92B825331EBE0011F786 /* Build configuration list for PBXProject "SwiftLoggerUI" */ = {
			isa = XCConfigurationList;
			buildConfigurations = (
				2B5A92CE25331EBE0011F786 /* Debug */,
				2B5A92CF25331EBE0011F786 /* Release */,
			);
			defaultConfigurationIsVisible = 0;
			defaultConfigurationName = Release;
		};
		2B5A92D025331EBE0011F786 /* Build configuration list for PBXNativeTarget "SwiftLoggerUI" */ = {
			isa = XCConfigurationList;
			buildConfigurations = (
				2B5A92D125331EBE0011F786 /* Debug */,
				2B5A92D225331EBE0011F786 /* Release */,
			);
			defaultConfigurationIsVisible = 0;
			defaultConfigurationName = Release;
		};
/* End XCConfigurationList section */

/* Begin XCRemoteSwiftPackageReference section */
		2B5A92DB253348B80011F786 /* XCRemoteSwiftPackageReference "SwiftUI-Introspect" */ = {
			isa = XCRemoteSwiftPackageReference;
			repositoryURL = "https://github.com/siteline/SwiftUI-Introspect.git";
			requirement = {
				kind = upToNextMajorVersion;
				minimumVersion = 0.1.0;
			};
		};
		2BED6A98253AE42B004AA8D8 /* XCRemoteSwiftPackageReference "swiftloggerserver" */ = {
			isa = XCRemoteSwiftPackageReference;
			repositoryURL = "https://gitlab.krugazor.eu/logger/swiftloggerserver.git";
			requirement = {
				kind = upToNextMajorVersion;
				minimumVersion = 1.0.4;
			};
		};
/* End XCRemoteSwiftPackageReference section */

/* Begin XCSwiftPackageProductDependency section */
		2B5A92DC253348B80011F786 /* Introspect */ = {
			isa = XCSwiftPackageProductDependency;
			package = 2B5A92DB253348B80011F786 /* XCRemoteSwiftPackageReference "SwiftUI-Introspect" */;
			productName = Introspect;
		};
		2B5DCD0B2539FD41001B3566 /* SwiftLoggerRouter */ = {
			isa = XCSwiftPackageProductDependency;
			productName = SwiftLoggerRouter;
		};
		2B5DCD132539FD66001B3566 /* SwiftLoggerCommon */ = {
			isa = XCSwiftPackageProductDependency;
			productName = SwiftLoggerCommon;
		};
		2BED6A99253AE42B004AA8D8 /* SwiftLoggerRouter */ = {
			isa = XCSwiftPackageProductDependency;
			package = 2BED6A98253AE42B004AA8D8 /* XCRemoteSwiftPackageReference "swiftloggerserver" */;
			productName = SwiftLoggerRouter;
		};
		2BED6A9B253AE42B004AA8D8 /* SwiftLoggerCommon */ = {
			isa = XCSwiftPackageProductDependency;
			package = 2BED6A98253AE42B004AA8D8 /* XCRemoteSwiftPackageReference "swiftloggerserver" */;
			productName = SwiftLoggerCommon;
		};
/* End XCSwiftPackageProductDependency section */
	};
	rootObject = 2B5A92B525331EBE0011F786 /* Project object */;
}
